{
  "name": "memorywell-folders",
  "version": "1.0.0",
  "lockfileVersion": 3,
  "requires": true,
  "packages": {
    "": {
      "name": "memorywell-folders",
      "version": "1.0.0",
      "license": "MIT",
      "dependencies": {
        "ignore": "^5.3.0"
      },
      "bin": {
        "mw-extract": "src/extract.js",
        "mw-find": "src/find.js",
        "mw-import": "src/import.js",
        "mw-init": "src/init.js",
        "mw-pop": "src/pop.js",
        "mw-push": "src/push.js",
        "mw-remap": "src/remap.js",
        "mw-setfavorite": "src/setfavorite.js"
      }
    },
    "node_modules/ignore": {
      "version": "5.3.2",
      "resolved": "https://registry.npmjs.org/ignore/-/ignore-5.3.2.tgz",
      "integrity": "sha512-hsBTNUqQTDwkWtcdYI2i06Y/nUBEsNEDJKjWdigLvegy8kDuJAS8uRlpkkcQpyEXL0Z/pjDy5HBmMjRCJ2gq+g==",
      "license": "MIT",
      "engines": {
        "node": ">= 4"
      }
    }
  }
}
